// !$*UTF8*$!
{
	archiveVersion = 1;
	classes = {
	};
	objectVersion = 77;
	objects = {

/* Begin PBXContainerItemProxy section */
		FADA48AE2CD1CDA400E9D421 /* PBXContainerItemProxy */ = {
			isa = PBXContainerItemProxy;
			containerPortal = FADA48952CD1CDA200E9D421 /* Project object */;
			proxyType = 1;
			remoteGlobalIDString = FADA489C2CD1CDA200E9D421;
			remoteInfo = BiliBiliDome;
		};
		FADA48B82CD1CDA400E9D421 /* PBXContainerItemProxy */ = {
			isa = PBXContainerItemProxy;
			containerPortal = FADA48952CD1CDA200E9D421 /* Project object */;
			proxyType = 1;
			remoteGlobalIDString = FADA489C2CD1CDA200E9D421;
			remoteInfo = BiliBiliDome;
		};
/* End PBXContainerItemProxy section */

/* Begin PBXFileReference section */
		FADA489D2CD1CDA200E9D421 /* BiliBiliDome.app */ = {isa = PBXFileReference; explicitFileType = wrapper.application; includeInIndex = 0; path = BiliBiliDome.app; sourceTree = BUILT_PRODUCTS_DIR; };
		FADA48AD2CD1CDA400E9D421 /* BiliBiliDomeTests.xctest */ = {isa = PBXFileReference; explicitFileType = wrapper.cfbundle; includeInIndex = 0; path = BiliBiliDomeTests.xctest; sourceTree = BUILT_PRODUCTS_DIR; };
		FADA48B72CD1CDA400E9D421 /* BiliBiliDomeUITests.xctest */ = {isa = PBXFileReference; explicitFileType = wrapper.cfbundle; includeInIndex = 0; path = BiliBiliDomeUITests.xctest; sourceTree = BUILT_PRODUCTS_DIR; };
/* End PBXFileReference section */

/* Begin PBXFileSystemSynchronizedRootGroup section */
		FADA489F2CD1CDA200E9D421 /* BiliBiliDome */ = {
			isa = PBXFileSystemSynchronizedRootGroup;
			path = BiliBiliDome;
			sourceTree = "<group>";
		};
		FADA48B02CD1CDA400E9D421 /* BiliBiliDomeTests */ = {
			isa = PBXFileSystemSynchronizedRootGroup;
			path = BiliBiliDomeTests;
			sourceTree = "<group>";
		};
		FADA48BA2CD1CDA400E9D421 /* BiliBiliDomeUITests */ = {
			isa = PBXFileSystemSynchronizedRootGroup;
			path = BiliBiliDomeUITests;
			sourceTree = "<group>";
		};
/* End PBXFileSystemSynchronizedRootGroup section */

/* Begin PBXFrameworksBuildPhase section */
		FADA489A2CD1CDA200E9D421 /* Frameworks */ = {
			isa = PBXFrameworksBuildPhase;
			buildActionMask = 2147483647;
			files = (
			);
			runOnlyForDeploymentPostprocessing = 0;
		};
		FADA48AA2CD1CDA400E9D421 /* Frameworks */ = {
			isa = PBXFrameworksBuildPhase;
			buildActionMask = 2147483647;
			files = (
			);
			runOnlyForDeploymentPostprocessing = 0;
		};
		FADA48B42CD1CDA400E9D421 /* Frameworks */ = {
			isa = PBXFrameworksBuildPhase;
			buildActionMask = 2147483647;
			files = (
			);
			runOnlyForDeploymentPostprocessing = 0;
		};
/* End PBXFrameworksBuildPhase section */

/* Begin PBXGroup section */
		FADA48942CD1CDA200E9D421 = {
			isa = PBXGroup;
			children = (
				FADA489F2CD1CDA200E9D421 /* BiliBiliDome */,
				FADA48B02CD1CDA400E9D421 /* BiliBiliDomeTests */,
				FADA48BA2CD1CDA400E9D421 /* BiliBiliDomeUITests */,
				FADA489E2CD1CDA200E9D421 /* Products */,
			);
			sourceTree = "<group>";
		};
		FADA489E2CD1CDA200E9D421 /* Products */ = {
			isa = PBXGroup;
			children = (
				FADA489D2CD1CDA200E9D421 /* BiliBiliDome.app */,
				FADA48AD2CD1CDA400E9D421 /* BiliBiliDomeTests.xctest */,
				FADA48B72CD1CDA400E9D421 /* BiliBiliDomeUITests.xctest */,
			);
			name = Products;
			sourceTree = "<group>";
		};
/* End PBXGroup section */

/* Begin PBXNativeTarget section */
		FADA489C2CD1CDA200E9D421 /* BiliBiliDome */ = {
			isa = PBXNativeTarget;
			buildConfigurationList = FADA48C12CD1CDA400E9D421 /* Build configuration list for PBXNativeTarget "BiliBiliDome" */;
			buildPhases = (
				FADA48992CD1CDA200E9D421 /* Sources */,
				FADA489A2CD1CDA200E9D421 /* Frameworks */,
				FADA489B2CD1CDA200E9D421 /* Resources */,
			);
			buildRules = (
			);
			dependencies = (
			);
			fileSystemSynchronizedGroups = (
				FADA489F2CD1CDA200E9D421 /* BiliBiliDome */,
			);
			name = BiliBiliDome;
			packageProductDependencies = (
			);
			productName = BiliBiliDome;
			productReference = FADA489D2CD1CDA200E9D421 /* BiliBiliDome.app */;
			productType = "com.apple.product-type.application";
		};
		FADA48AC2CD1CDA400E9D421 /* BiliBiliDomeTests */ = {
			isa = PBXNativeTarget;
			buildConfigurationList = FADA48C42CD1CDA400E9D421 /* Build configuration list for PBXNativeTarget "BiliBiliDomeTests" */;
			buildPhases = (
				FADA48A92CD1CDA400E9D421 /* Sources */,
				FADA48AA2CD1CDA400E9D421 /* Frameworks */,
				FADA48AB2CD1CDA400E9D421 /* Resources */,
			);
			buildRules = (
			);
			dependencies = (
				FADA48AF2CD1CDA400E9D421 /* PBXTargetDependency */,
			);
			fileSystemSynchronizedGroups = (
				FADA48B02CD1CDA400E9D421 /* BiliBiliDomeTests */,
			);
			name = BiliBiliDomeTests;
			packageProductDependencies = (
			);
			productName = BiliBiliDomeTests;
			productReference = FADA48AD2CD1CDA400E9D421 /* BiliBiliDomeTests.xctest */;
			productType = "com.apple.product-type.bundle.unit-test";
		};
		FADA48B62CD1CDA400E9D421 /* BiliBiliDomeUITests */ = {
			isa = PBXNativeTarget;
			buildConfigurationList = FADA48C72CD1CDA400E9D421 /* Build configuration list for PBXNativeTarget "BiliBiliDomeUITests" */;
			buildPhases = (
				FADA48B32CD1CDA400E9D421 /* Sources */,
				FADA48B42CD1CDA400E9D421 /* Frameworks */,
				FADA48B52CD1CDA400E9D421 /* Resources */,
			);
			buildRules = (
			);
			dependencies = (
				FADA48B92CD1CDA400E9D421 /* PBXTargetDependency */,
			);
			fileSystemSynchronizedGroups = (
				FADA48BA2CD1CDA400E9D421 /* BiliBiliDomeUITests */,
			);
			name = BiliBiliDomeUITests;
			packageProductDependencies = (
			);
			productName = BiliBiliDomeUITests;
			productReference = FADA48B72CD1CDA400E9D421 /* BiliBiliDomeUITests.xctest */;
			productType = "com.apple.product-type.bundle.ui-testing";
		};
/* End PBXNativeTarget section */

/* Begin PBXProject section */
		FADA48952CD1CDA200E9D421 /* Project object */ = {
			isa = PBXProject;
			attributes = {
				BuildIndependentTargetsInParallel = 1;
				LastSwiftUpdateCheck = 1600;
				LastUpgradeCheck = 1600;
				TargetAttributes = {
					FADA489C2CD1CDA200E9D421 = {
						CreatedOnToolsVersion = 16.0;
					};
					FADA48AC2CD1CDA400E9D421 = {
						CreatedOnToolsVersion = 16.0;
						TestTargetID = FADA489C2CD1CDA200E9D421;
					};
					FADA48B62CD1CDA400E9D421 = {
						CreatedOnToolsVersion = 16.0;
						TestTargetID = FADA489C2CD1CDA200E9D421;
					};
				};
			};
			buildConfigurationList = FADA48982CD1CDA200E9D421 /* Build configuration list for PBXProject "BiliBiliDome" */;
			developmentRegion = en;
			hasScannedForEncodings = 0;
			knownRegions = (
				en,
				Base,
			);
			mainGroup = FADA48942CD1CDA200E9D421;
			minimizedProjectReferenceProxies = 1;
			preferredProjectObjectVersion = 77;
			productRefGroup = FADA489E2CD1CDA200E9D421 /* Products */;
			projectDirPath = "";
			projectRoot = "";
			targets = (
				FADA489C2CD1CDA200E9D421 /* BiliBiliDome */,
				FADA48AC2CD1CDA400E9D421 /* BiliBiliDomeTests */,
				FADA48B62CD1CDA400E9D421 /* BiliBiliDomeUITests */,
			);
		};
/* End PBXProject section */

/* Begin PBXResourcesBuildPhase section */
		FADA489B2CD1CDA200E9D421 /* Resources */ = {
			isa = PBXResourcesBuildPhase;
			buildActionMask = 2147483647;
			files = (
			);
			runOnlyForDeploymentPostprocessing = 0;
		};
		FADA48AB2CD1CDA400E9D421 /* Resources */ = {
			isa = PBXResourcesBuildPhase;
			buildActionMask = 2147483647;
			files = (
			);
			runOnlyForDeploymentPostprocessing = 0;
		};
		FADA48B52CD1CDA400E9D421 /* Resources */ = {
			isa = PBXResourcesBuildPhase;
			buildActionMask = 2147483647;
			files = (
			);
			runOnlyForDeploymentPostprocessing = 0;
		};
/* End PBXResourcesBuildPhase section */

/* Begin PBXSourcesBuildPhase section */
		FADA48992CD1CDA200E9D421 /* Sources */ = {
			isa = PBXSourcesBuildPhase;
			buildActionMask = 2147483647;
			files = (
			);
			runOnlyForDeploymentPostprocessing = 0;
		};
		FADA48A92CD1CDA400E9D421 /* Sources */ = {
			isa = PBXSourcesBuildPhase;
			buildActionMask = 2147483647;
			files = (
			);
			runOnlyForDeploymentPostprocessing = 0;
		};
		FADA48B32CD1CDA400E9D421 /* Sources */ = {
			isa = PBXSourcesBuildPhase;
			buildActionMask = 2147483647;
			files = (
			);
			runOnlyForDeploymentPostprocessing = 0;
		};
/* End PBXSourcesBuildPhase section */

/* Begin PBXTargetDependency section */
		FADA48AF2CD1CDA400E9D421 /* PBXTargetDependency */ = {
			isa = PBXTargetDependency;
			target = FADA489C2CD1CDA200E9D421 /* BiliBiliDome */;
			targetProxy = FADA48AE2CD1CDA400E9D421 /* PBXContainerItemProxy */;
		};
		FADA48B92CD1CDA400E9D421 /* PBXTargetDependency */ = {
			isa = PBXTargetDependency;
			target = FADA489C2CD1CDA200E9D421 /* BiliBiliDome */;
			targetProxy = FADA48B82CD1CDA400E9D421 /* PBXContainerItemProxy */;
		};
/* End PBXTargetDependency section */

/* Begin XCBuildConfiguration section */
		FADA48BF2CD1CDA400E9D421 /* Debug */ = {
			isa = XCBuildConfiguration;
			buildSettings = {
				ALWAYS_SEARCH_USER_PATHS = NO;
				ASSETCATALOG_COMPILER_GENERATE_SWIFT_ASSET_SYMBOL_EXTENSIONS = YES;
				CLANG_ANALYZER_NONNULL = YES;
				CLANG_ANALYZER_NUMBER_OBJECT_CONVERSION = YES_AGGRESSIVE;
				CLANG_CXX_LANGUAGE_STANDARD = "gnu++20";
				CLANG_ENABLE_MODULES = YES;
				CLANG_ENABLE_OBJC_ARC = YES;
				CLANG_ENABLE_OBJC_WEAK = YES;
				CLANG_WARN_BLOCK_CAPTURE_AUTORELEASING = YES;
				CLANG_WARN_BOOL_CONVERSION = YES;
				CLANG_WARN_COMMA = YES;
				CLANG_WARN_CONSTANT_CONVERSION = YES;
				CLANG_WARN_DEPRECATED_OBJC_IMPLEMENTATIONS = YES;
				CLANG_WARN_DIRECT_OBJC_ISA_USAGE = YES_ERROR;
				CLANG_WARN_DOCUMENTATION_COMMENTS = YES;
				CLANG_WARN_EMPTY_BODY = YES;
				CLANG_WARN_ENUM_CONVERSION = YES;
				CLANG_WARN_INFINITE_RECURSION = YES;
				CLANG_WARN_INT_CONVERSION = YES;
				CLANG_WARN_NON_LITERAL_NULL_CONVERSION = YES;
				CLANG_WARN_OBJC_IMPLICIT_RETAIN_SELF = YES;
				CLANG_WARN_OBJC_LITERAL_CONVERSION = YES;
				CLANG_WARN_OBJC_ROOT_CLASS = YES_ERROR;
				CLANG_WARN_QUOTED_INCLUDE_IN_FRAMEWORK_HEADER = YES;
				CLANG_WARN_RANGE_LOOP_ANALYSIS = YES;
				CLANG_WARN_STRICT_PROTOTYPES = YES;
				CLANG_WARN_SUSPICIOUS_MOVE = YES;
				CLANG_WARN_UNGUARDED_AVAILABILITY = YES_AGGRESSIVE;
				CLANG_WARN_UNREACHABLE_CODE = YES;
				CLANG_WARN__DUPLICATE_METHOD_MATCH = YES;
				COPY_PHASE_STRIP = NO;
				DEBUG_INFORMATION_FORMAT = dwarf;
				ENABLE_STRICT_OBJC_MSGSEND = YES;
				ENABLE_TESTABILITY = YES;
				ENABLE_USER_SCRIPT_SANDBOXING = YES;
				GCC_C_LANGUAGE_STANDARD = gnu17;
				GCC_DYNAMIC_NO_PIC = NO;
				GCC_NO_COMMON_BLOCKS = YES;
				GCC_OPTIMIZATION_LEVEL = 0;
				GCC_PREPROCESSOR_DEFINITIONS = (
					"DEBUG=1",
					"$(inherited)",
				);
				GCC_WARN_64_TO_32_BIT_CONVERSION = YES;
				GCC_WARN_ABOUT_RETURN_TYPE = YES_ERROR;
				GCC_WARN_UNDECLARED_SELECTOR = YES;
				GCC_WARN_UNINITIALIZED_AUTOS = YES_AGGRESSIVE;
				GCC_WARN_UNUSED_FUNCTION = YES;
				GCC_WARN_UNUSED_VARIABLE = YES;
				IPHONEOS_DEPLOYMENT_TARGET = 18.0;
				LOCALIZATION_PREFERS_STRING_CATALOGS = YES;
				MTL_ENABLE_DEBUG_INFO = INCLUDE_SOURCE;
				MTL_FAST_MATH = YES;
				ONLY_ACTIVE_ARCH = YES;
				SDKROOT = iphoneos;
				SWIFT_ACTIVE_COMPILATION_CONDITIONS = "DEBUG $(inherited)";
				SWIFT_OPTIMIZATION_LEVEL = "-Onone";
			};
			name = Debug;
		};
		FADA48C02CD1CDA400E9D421 /* Release */ = {
			isa = XCBuildConfiguration;
			buildSettings = {
				ALWAYS_SEARCH_USER_PATHS = NO;
				ASSETCATALOG_COMPILER_GENERATE_SWIFT_ASSET_SYMBOL_EXTENSIONS = YES;
				CLANG_ANALYZER_NONNULL = YES;
				CLANG_ANALYZER_NUMBER_OBJECT_CONVERSION = YES_AGGRESSIVE;
				CLANG_CXX_LANGUAGE_STANDARD = "gnu++20";
				CLANG_ENABLE_MODULES = YES;
				CLANG_ENABLE_OBJC_ARC = YES;
				CLANG_ENABLE_OBJC_WEAK = YES;
				CLANG_WARN_BLOCK_CAPTURE_AUTORELEASING = YES;
				CLANG_WARN_BOOL_CONVERSION = YES;
				CLANG_WARN_COMMA = YES;
				CLANG_WARN_CONSTANT_CONVERSION = YES;
				CLANG_WARN_DEPRECATED_OBJC_IMPLEMENTATIONS = YES;
				CLANG_WARN_DIRECT_OBJC_ISA_USAGE = YES_ERROR;
				CLANG_WARN_DOCUMENTATION_COMMENTS = YES;
				CLANG_WARN_EMPTY_BODY = YES;
				CLANG_WARN_ENUM_CONVERSION = YES;
				CLANG_WARN_INFINITE_RECURSION = YES;
				CLANG_WARN_INT_CONVERSION = YES;
				CLANG_WARN_NON_LITERAL_NULL_CONVERSION = YES;
				CLANG_WARN_OBJC_IMPLICIT_RETAIN_SELF = YES;
				CLANG_WARN_OBJC_LITERAL_CONVERSION = YES;
				CLANG_WARN_OBJC_ROOT_CLASS = YES_ERROR;
				CLANG_WARN_QUOTED_INCLUDE_IN_FRAMEWORK_HEADER = YES;
				CLANG_WARN_RANGE_LOOP_ANALYSIS = YES;
				CLANG_WARN_STRICT_PROTOTYPES = YES;
				CLANG_WARN_SUSPICIOUS_MOVE = YES;
				CLANG_WARN_UNGUARDED_AVAILABILITY = YES_AGGRESSIVE;
				CLANG_WARN_UNREACHABLE_CODE = YES;
				CLANG_WARN__DUPLICATE_METHOD_MATCH = YES;
				COPY_PHASE_STRIP = NO;
				DEBUG_INFORMATION_FORMAT = "dwarf-with-dsym";
				ENABLE_NS_ASSERTIONS = NO;
				ENABLE_STRICT_OBJC_MSGSEND = YES;
				ENABLE_USER_SCRIPT_SANDBOXING = YES;
				GCC_C_LANGUAGE_STANDARD = gnu17;
				GCC_NO_COMMON_BLOCKS = YES;
				GCC_WARN_64_TO_32_BIT_CONVERSION = YES;
				GCC_WARN_ABOUT_RETURN_TYPE = YES_ERROR;
				GCC_WARN_UNDECLARED_SELECTOR = YES;
				GCC_WARN_UNINITIALIZED_AUTOS = YES_AGGRESSIVE;
				GCC_WARN_UNUSED_FUNCTION = YES;
				GCC_WARN_UNUSED_VARIABLE = YES;
				IPHONEOS_DEPLOYMENT_TARGET = 18.0;
				LOCALIZATION_PREFERS_STRING_CATALOGS = YES;
				MTL_ENABLE_DEBUG_INFO = NO;
				MTL_FAST_MATH = YES;
				SDKROOT = iphoneos;
				SWIFT_COMPILATION_MODE = wholemodule;
				VALIDATE_PRODUCT = YES;
			};
			name = Release;
		};
		FADA48C22CD1CDA400E9D421 /* Debug */ = {
			isa = XCBuildConfiguration;
			buildSettings = {
				ASSETCATALOG_COMPILER_APPICON_NAME = AppIcon;
				ASSETCATALOG_COMPILER_GLOBAL_ACCENT_COLOR_NAME = AccentColor;
				CODE_SIGN_STYLE = Automatic;
				CURRENT_PROJECT_VERSION = 1;
				DEVELOPMENT_ASSET_PATHS = "\"BiliBiliDome/Preview Content\"";
				DEVELOPMENT_TEAM = JA8WK8WCQA;
				ENABLE_PREVIEWS = YES;
				GENERATE_INFOPLIST_FILE = YES;
				INFOPLIST_KEY_UIApplicationSceneManifest_Generation = YES;
				INFOPLIST_KEY_UIApplicationSupportsIndirectInputEvents = YES;
				INFOPLIST_KEY_UILaunchScreen_Generation = YES;
				INFOPLIST_KEY_UISupportedInterfaceOrientations_iPad = "UIInterfaceOrientationPortrait UIInterfaceOrientationPortraitUpsideDown UIInterfaceOrientationLandscapeLeft UIInterfaceOrientationLandscapeRight";
				INFOPLIST_KEY_UISupportedInterfaceOrientations_iPhone = "UIInterfaceOrientationPortrait UIInterfaceOrientationLandscapeLeft UIInterfaceOrientationLandscapeRight";
				IPHONEOS_DEPLOYMENT_TARGET = 18.1;
				LD_RUNPATH_SEARCH_PATHS = (
					"$(inherited)",
					"@executable_path/Frameworks",
				);
				MARKETING_VERSION = 1.0;
				PRODUCT_BUNDLE_IDENTIFIER = com.m2xal3u.BiliBiliDome;
				PRODUCT_NAME = "$(TARGET_NAME)";
				SWIFT_EMIT_LOC_STRINGS = YES;
				SWIFT_VERSION = 5.0;
				TARGETED_DEVICE_FAMILY = "1,2";
			};
			name = Debug;
		};
		FADA48C32CD1CDA400E9D421 /* Release */ = {
			isa = XCBuildConfiguration;
			buildSettings = {
				ASSETCATALOG_COMPILER_APPICON_NAME = AppIcon;
				ASSETCATALOG_COMPILER_GLOBAL_ACCENT_COLOR_NAME = AccentColor;
				CODE_SIGN_STYLE = Automatic;
				CURRENT_PROJECT_VERSION = 1;
				DEVELOPMENT_ASSET_PATHS = "\"BiliBiliDome/Preview Content\"";
				DEVELOPMENT_TEAM = JA8WK8WCQA;
				ENABLE_PREVIEWS = YES;
				GENERATE_INFOPLIST_FILE = YES;
				INFOPLIST_KEY_UIApplicationSceneManifest_Generation = YES;
				INFOPLIST_KEY_UIApplicationSupportsIndirectInputEvents = YES;
				INFOPLIST_KEY_UILaunchScreen_Generation = YES;
				INFOPLIST_KEY_UISupportedInterfaceOrientations_iPad = "UIInterfaceOrientationPortrait UIInterfaceOrientationPortraitUpsideDown UIInterfaceOrientationLandscapeLeft UIInterfaceOrientationLandscapeRight";
				INFOPLIST_KEY_UISupportedInterfaceOrientations_iPhone = "UIInterfaceOrientationPortrait UIInterfaceOrientationLandscapeLeft UIInterfaceOrientationLandscapeRight";
				IPHONEOS_DEPLOYMENT_TARGET = 18.1;
				LD_RUNPATH_SEARCH_PATHS = (
					"$(inherited)",
					"@executable_path/Frameworks",
				);
				MARKETING_VERSION = 1.0;
				PRODUCT_BUNDLE_IDENTIFIER = com.m2xal3u.BiliBiliDome;
				PRODUCT_NAME = "$(TARGET_NAME)";
				SWIFT_EMIT_LOC_STRINGS = YES;
				SWIFT_VERSION = 5.0;
				TARGETED_DEVICE_FAMILY = "1,2";
			};
			name = Release;
		};
		FADA48C52CD1CDA400E9D421 /* Debug */ = {
			isa = XCBuildConfiguration;
			buildSettings = {
				BUNDLE_LOADER = "$(TEST_HOST)";
				CODE_SIGN_STYLE = Automatic;
				CURRENT_PROJECT_VERSION = 1;
				DEVELOPMENT_TEAM = JA8WK8WCQA;
				GENERATE_INFOPLIST_FILE = YES;
				IPHONEOS_DEPLOYMENT_TARGET = 18.0;
				MARKETING_VERSION = 1.0;
				PRODUCT_BUNDLE_IDENTIFIER = com.m2xal3u.BiliBiliDomeTests;
				PRODUCT_NAME = "$(TARGET_NAME)";
				SWIFT_EMIT_LOC_STRINGS = NO;
				SWIFT_VERSION = 5.0;
				TARGETED_DEVICE_FAMILY = "1,2";
				TEST_HOST = "$(BUILT_PRODUCTS_DIR)/BiliBiliDome.app/$(BUNDLE_EXECUTABLE_FOLDER_PATH)/BiliBiliDome";
			};
			name = Debug;
		};
		FADA48C62CD1CDA400E9D421 /* Release */ = {
			isa = XCBuildConfiguration;
			buildSettings = {
				BUNDLE_LOADER = "$(TEST_HOST)";
				CODE_SIGN_STYLE = Automatic;
				CURRENT_PROJECT_VERSION = 1;
				DEVELOPMENT_TEAM = JA8WK8WCQA;
				GENERATE_INFOPLIST_FILE = YES;
				IPHONEOS_DEPLOYMENT_TARGET = 18.0;
				MARKETING_VERSION = 1.0;
				PRODUCT_BUNDLE_IDENTIFIER = com.m2xal3u.BiliBiliDomeTests;
				PRODUCT_NAME = "$(TARGET_NAME)";
				SWIFT_EMIT_LOC_STRINGS = NO;
				SWIFT_VERSION = 5.0;
				TARGETED_DEVICE_FAMILY = "1,2";
				TEST_HOST = "$(BUILT_PRODUCTS_DIR)/BiliBiliDome.app/$(BUNDLE_EXECUTABLE_FOLDER_PATH)/BiliBiliDome";
			};
			name = Release;
		};
		FADA48C82CD1CDA400E9D421 /* Debug */ = {
			isa = XCBuildConfiguration;
			buildSettings = {
				CODE_SIGN_STYLE = Automatic;
				CURRENT_PROJECT_VERSION = 1;
				DEVELOPMENT_TEAM = JA8WK8WCQA;
				GENERATE_INFOPLIST_FILE = YES;
				MARKETING_VERSION = 1.0;
				PRODUCT_BUNDLE_IDENTIFIER = com.m2xal3u.BiliBiliDomeUITests;
				PRODUCT_NAME = "$(TARGET_NAME)";
				SWIFT_EMIT_LOC_STRINGS = NO;
				SWIFT_VERSION = 5.0;
				TARGETED_DEVICE_FAMILY = "1,2";
				TEST_TARGET_NAME = BiliBiliDome;
			};
			name = Debug;
		};
		FADA48C92CD1CDA400E9D421 /* Release */ = {
			isa = XCBuildConfiguration;
			buildSettings = {
				CODE_SIGN_STYLE = Automatic;
				CURRENT_PROJECT_VERSION = 1;
				DEVELOPMENT_TEAM = JA8WK8WCQA;
				GENERATE_INFOPLIST_FILE = YES;
				MARKETING_VERSION = 1.0;
				PRODUCT_BUNDLE_IDENTIFIER = com.m2xal3u.BiliBiliDomeUITests;
				PRODUCT_NAME = "$(TARGET_NAME)";
				SWIFT_EMIT_LOC_STRINGS = NO;
				SWIFT_VERSION = 5.0;
				TARGETED_DEVICE_FAMILY = "1,2";
				TEST_TARGET_NAME = BiliBiliDome;
			};
			name = Release;
		};
/* End XCBuildConfiguration section */

/* Begin XCConfigurationList section */
		FADA48982CD1CDA200E9D421 /* Build configuration list for PBXProject "BiliBiliDome" */ = {
			isa = XCConfigurationList;
			buildConfigurations = (
				FADA48BF2CD1CDA400E9D421 /* Debug */,
				FADA48C02CD1CDA400E9D421 /* Release */,
			);
			defaultConfigurationIsVisible = 0;
			defaultConfigurationName = Release;
		};
		FADA48C12CD1CDA400E9D421 /* Build configuration list for PBXNativeTarget "BiliBiliDome" */ = {
			isa = XCConfigurationList;
			buildConfigurations = (
				FADA48C22CD1CDA400E9D421 /* Debug */,
				FADA48C32CD1CDA400E9D421 /* Release */,
			);
			defaultConfigurationIsVisible = 0;
			defaultConfigurationName = Release;
		};
		FADA48C42CD1CDA400E9D421 /* Build configuration list for PBXNativeTarget "BiliBiliDomeTests" */ = {
			isa = XCConfigurationList;
			buildConfigurations = (
				FADA48C52CD1CDA400E9D421 /* Debug */,
				FADA48C62CD1CDA400E9D421 /* Release */,
			);
			defaultConfigurationIsVisible = 0;
			defaultConfigurationName = Release;
		};
		FADA48C72CD1CDA400E9D421 /* Build configuration list for PBXNativeTarget "BiliBiliDomeUITests" */ = {
			isa = XCConfigurationList;
			buildConfigurations = (
				FADA48C82CD1CDA400E9D421 /* Debug */,
				FADA48C92CD1CDA400E9D421 /* Release */,
			);
			defaultConfigurationIsVisible = 0;
			defaultConfigurationName = Release;
		};
/* End XCConfigurationList section */
	};
	rootObject = FADA48952CD1CDA200E9D421 /* Project object */;
}
